
Microsoft Visual Studio Solution File, Format Version 12.00
# Visual Studio 15
VisualStudioVersion = 15.0.28307.705
MinimumVisualStudioVersion = 10.0.40219.1
Project("{FAE04EC0-301F-11D3-BF4B-00C04F79EFBC}") = "STO_Test.UI", "STO_Test.UI\STO_Test.UI.csproj", "{2644C93F-79C9-4A6C-B06D-9C55C374EDEE}"
EndProject
Global
	GlobalSection(SolutionConfigurationPlatforms) = preSolution
		Debug|Any CPU = Debug|Any CPU
		Release|Any CPU = Release|Any CPU
	EndGlobalSection
	GlobalSection(ProjectConfigurationPlatforms) = postSolution
		{2644C93F-79C9-4A6C-B06D-9C55C374EDEE}.Debug|Any CPU.ActiveCfg = Debug|Any CPU
		{2644C93F-79C9-4A6C-B06D-9C55C374EDEE}.Debug|Any CPU.Build.0 = Debug|Any CPU
		{2644C93F-79C9-4A6C-B06D-9C55C374EDEE}.Release|Any CPU.ActiveCfg = Release|Any CPU
		{2644C93F-79C9-4A6C-B06D-9C55C374EDEE}.Release|Any CPU.Build.0 = Release|Any CPU
	EndGlobalSection
	GlobalSection(SolutionProperties) = preSolution
		HideSolutionNode = FALSE
	EndGlobalSection
	GlobalSection(ExtensibilityGlobals) = postSolution
		SolutionGuid = {96898CD4-7B2D-4CA3-AC95-F5E1A6AF5792}
	EndGlobalSection
EndGlobal
